
Microsoft Visual Studio Solution File, Format Version 12.00
# Visual Studio Version 16
VisualStudioVersion = 16.0.31424.327
MinimumVisualStudioVersion = 10.0.40219.1
Project("{9A19103F-16F7-4668-BE54-9A1E7A4F7556}") = "TaskManager.API.Test", "TaskManager.API.Test\TaskManager.API.Test.csproj", "{51D78665-E35D-4954-A1CA-0AF38858277E}"
EndProject
Project("{9A19103F-16F7-4668-BE54-9A1E7A4F7556}") = "TaskManager.API", "TaskManager.API\TaskManager.API.csproj", "{FDB89ADD-04F2-4A65-9D2E-34223FCE0DDE}"
EndProject
Global
	GlobalSection(SolutionConfigurationPlatforms) = preSolution
		Debug|Any CPU = Debug|Any CPU
		Release|Any CPU = Release|Any CPU
	EndGlobalSection
	GlobalSection(ProjectConfigurationPlatforms) = postSolution
		{51D78665-E35D-4954-A1CA-0AF38858277E}.Debug|Any CPU.ActiveCfg = Debug|Any CPU
		{51D78665-E35D-4954-A1CA-0AF38858277E}.Debug|Any CPU.Build.0 = Debug|Any CPU
		{51D78665-E35D-4954-A1CA-0AF38858277E}.Release|Any CPU.ActiveCfg = Release|Any CPU
		{51D78665-E35D-4954-A1CA-0AF38858277E}.Release|Any CPU.Build.0 = Release|Any CPU
		{FDB89ADD-04F2-4A65-9D2E-34223FCE0DDE}.Debug|Any CPU.ActiveCfg = Debug|Any CPU
		{FDB89ADD-04F2-4A65-9D2E-34223FCE0DDE}.Debug|Any CPU.Build.0 = Debug|Any CPU
		{FDB89ADD-04F2-4A65-9D2E-34223FCE0DDE}.Release|Any CPU.ActiveCfg = Release|Any CPU
		{FDB89ADD-04F2-4A65-9D2E-34223FCE0DDE}.Release|Any CPU.Build.0 = Release|Any CPU
	EndGlobalSection
	GlobalSection(SolutionProperties) = preSolution
		HideSolutionNode = FALSE
	EndGlobalSection
	GlobalSection(ExtensibilityGlobals) = postSolution
		SolutionGuid = {FE9249B7-B780-4302-B5B9-7C07C09CF1CD}
	EndGlobalSection
EndGlobal
